
Microsoft Visual Studio Solution File, Format Version 12.00
# Visual Studio Version 17
VisualStudioVersion = 17.12.35527.113 d17.12
MinimumVisualStudioVersion = 10.0.40219.1
Project("{FAE04EC0-301F-11D3-BF4B-00C04F79EFBC}") = "Session-4", "Session-4\Session-4.csproj", "{B977EA5A-C619-40E9-B0E7-3FC723566565}"
EndProject
Project("{FAE04EC0-301F-11D3-BF4B-00C04F79EFBC}") = "Ass - 3", "Ass - 3\Ass - 3.csproj", "{BF265787-9B14-4A5C-AFC9-92805A2A90D2}"
EndProject
Global
	GlobalSection(SolutionConfigurationPlatforms) = preSolution
		Debug|Any CPU = Debug|Any CPU
		Release|Any CPU = Release|Any CPU
	EndGlobalSection
	GlobalSection(ProjectConfigurationPlatforms) = postSolution
		{B977EA5A-C619-40E9-B0E7-3FC723566565}.Debug|Any CPU.ActiveCfg = Debug|Any CPU
		{B977EA5A-C619-40E9-B0E7-3FC723566565}.Debug|Any CPU.Build.0 = Debug|Any CPU
		{B977EA5A-C619-40E9-B0E7-3FC723566565}.Release|Any CPU.ActiveCfg = Release|Any CPU
		{B977EA5A-C619-40E9-B0E7-3FC723566565}.Release|Any CPU.Build.0 = Release|Any CPU
		{BF265787-9B14-4A5C-AFC9-92805A2A90D2}.Debug|Any CPU.ActiveCfg = Debug|Any CPU
		{BF265787-9B14-4A5C-AFC9-92805A2A90D2}.Debug|Any CPU.Build.0 = Debug|Any CPU
		{BF265787-9B14-4A5C-AFC9-92805A2A90D2}.Release|Any CPU.ActiveCfg = Release|Any CPU
		{BF265787-9B14-4A5C-AFC9-92805A2A90D2}.Release|Any CPU.Build.0 = Release|Any CPU
	EndGlobalSection
	GlobalSection(SolutionProperties) = preSolution
		HideSolutionNode = FALSE
	EndGlobalSection
EndGlobal
